
Microsoft Visual Studio Solution File, Format Version 12.00
# Visual Studio Version 16
VisualStudioVersion = 16.0.30907.101
MinimumVisualStudioVersion = 10.0.40219.1
Project("{888888A0-9F3D-457C-B088-3A5042F75D52}") = "PBL6", "PBL6.pyproj", "{4594191E-B182-48BA-A83D-25933E5AEFE0}"
EndProject
Global
	GlobalSection(SolutionConfigurationPlatforms) = preSolution
		Debug|Any CPU = Debug|Any CPU
		Release|Any CPU = Release|Any CPU
	EndGlobalSection
	GlobalSection(ProjectConfigurationPlatforms) = postSolution
		{4594191E-B182-48BA-A83D-25933E5AEFE0}.Debug|Any CPU.ActiveCfg = Debug|Any CPU
		{4594191E-B182-48BA-A83D-25933E5AEFE0}.Debug|Any CPU.Build.0 = Debug|Any CPU
		{4594191E-B182-48BA-A83D-25933E5AEFE0}.Release|Any CPU.ActiveCfg = Release|Any CPU
		{4594191E-B182-48BA-A83D-25933E5AEFE0}.Release|Any CPU.Build.0 = Release|Any CPU
	EndGlobalSection
	GlobalSection(SolutionProperties) = preSolution
		HideSolutionNode = FALSE
	EndGlobalSection
	GlobalSection(ExtensibilityGlobals) = postSolution
		SolutionGuid = {D73C31EE-3D7B-4078-B6D6-7A6751C76511}
	EndGlobalSection
EndGlobal
